// !$*UTF8*$!
{
	archiveVersion = 1;
	classes = {
	};
	objectVersion = 48;
	objects = {

/* Begin PBXBuildFile section */
		4999CA105C4B595353C5CE9B /* Pods_FirebaseCrud.framework in Frameworks */ = {isa = PBXBuildFile; fileRef = F71D04E1535BECED8A8EADD8 /* Pods_FirebaseCrud.framework */; };
		CF5DE2E01F84646700A43362 /* VistaViewController.swift in Sources */ = {isa = PBXBuildFile; fileRef = CF5DE2DF1F84646700A43362 /* VistaViewController.swift */; };
		CF5DE2E21F84660F00A43362 /* Juegos.swift in Sources */ = {isa = PBXBuildFile; fileRef = CF5DE2E11F84660F00A43362 /* Juegos.swift */; };
		CF7C16231F82EE8400FE0058 /* AppDelegate.swift in Sources */ = {isa = PBXBuildFile; fileRef = CF7C16221F82EE8400FE0058 /* AppDelegate.swift */; };
		CF7C16251F82EE8400FE0058 /* ViewController.swift in Sources */ = {isa = PBXBuildFile; fileRef = CF7C16241F82EE8400FE0058 /* ViewController.swift */; };
		CF7C16281F82EE8400FE0058 /* Main.storyboard in Resources */ = {isa = PBXBuildFile; fileRef = CF7C16261F82EE8400FE0058 /* Main.storyboard */; };
		CF7C162A1F82EE8400FE0058 /* Assets.xcassets in Resources */ = {isa = PBXBuildFile; fileRef = CF7C16291F82EE8400FE0058 /* Assets.xcassets */; };
		CF7C162D1F82EE8400FE0058 /* LaunchScreen.storyboard in Resources */ = {isa = PBXBuildFile; fileRef = CF7C162B1F82EE8400FE0058 /* LaunchScreen.storyboard */; };
		CFDE229C1F88824600932F15 /* EditarViewController.swift in Sources */ = {isa = PBXBuildFile; fileRef = CFDE229B1F88824600932F15 /* EditarViewController.swift */; };
		CFDFB7421F82F36200D0F467 /* InicioViewController.swift in Sources */ = {isa = PBXBuildFile; fileRef = CFDFB7411F82F36200D0F467 /* InicioViewController.swift */; };
		CFF3125C1F8C409200B545B6 /* Celda.swift in Sources */ = {isa = PBXBuildFile; fileRef = CFF3125B1F8C409200B545B6 /* Celda.swift */; };
		E94370342C01BA8C007A4B5E /* GoogleService-Info.plist in Resources */ = {isa = PBXBuildFile; fileRef = E94370332C01BA8C007A4B5E /* GoogleService-Info.plist */; };
/* End PBXBuildFile section */

/* Begin PBXFileReference section */
		7F26DF0C4B7AB8B36D8DAAC9 /* Pods-FirebaseCrud.debug.xcconfig */ = {isa = PBXFileReference; includeInIndex = 1; lastKnownFileType = text.xcconfig; name = "Pods-FirebaseCrud.debug.xcconfig"; path = "Pods/Target Support Files/Pods-FirebaseCrud/Pods-FirebaseCrud.debug.xcconfig"; sourceTree = "<group>"; };
		CF5DE2DF1F84646700A43362 /* VistaViewController.swift */ = {isa = PBXFileReference; lastKnownFileType = sourcecode.swift; path = VistaViewController.swift; sourceTree = "<group>"; };
		CF5DE2E11F84660F00A43362 /* Juegos.swift */ = {isa = PBXFileReference; lastKnownFileType = sourcecode.swift; path = Juegos.swift; sourceTree = "<group>"; };
		CF7C161F1F82EE8400FE0058 /* FirebaseCrud.app */ = {isa = PBXFileReference; explicitFileType = wrapper.application; includeInIndex = 0; path = FirebaseCrud.app; sourceTree = BUILT_PRODUCTS_DIR; };
		CF7C16221F82EE8400FE0058 /* AppDelegate.swift */ = {isa = PBXFileReference; lastKnownFileType = sourcecode.swift; path = AppDelegate.swift; sourceTree = "<group>"; };
		CF7C16241F82EE8400FE0058 /* ViewController.swift */ = {isa = PBXFileReference; lastKnownFileType = sourcecode.swift; path = ViewController.swift; sourceTree = "<group>"; };
		CF7C16271F82EE8400FE0058 /* Base */ = {isa = PBXFileReference; lastKnownFileType = file.storyboard; name = Base; path = Base.lproj/Main.storyboard; sourceTree = "<group>"; };
		CF7C16291F82EE8400FE0058 /* Assets.xcassets */ = {isa = PBXFileReference; lastKnownFileType = folder.assetcatalog; path = Assets.xcassets; sourceTree = "<group>"; };
		CF7C162C1F82EE8400FE0058 /* Base */ = {isa = PBXFileReference; lastKnownFileType = file.storyboard; name = Base; path = Base.lproj/LaunchScreen.storyboard; sourceTree = "<group>"; };
		CF7C162E1F82EE8400FE0058 /* Info.plist */ = {isa = PBXFileReference; lastKnownFileType = text.plist.xml; path = Info.plist; sourceTree = "<group>"; };
		CFDE229B1F88824600932F15 /* EditarViewController.swift */ = {isa = PBXFileReference; lastKnownFileType = sourcecode.swift; path = EditarViewController.swift; sourceTree = "<group>"; };
		CFDFB7411F82F36200D0F467 /* InicioViewController.swift */ = {isa = PBXFileReference; lastKnownFileType = sourcecode.swift; path = InicioViewController.swift; sourceTree = "<group>"; };
		CFF3125B1F8C409200B545B6 /* Celda.swift */ = {isa = PBXFileReference; lastKnownFileType = sourcecode.swift; path = Celda.swift; sourceTree = "<group>"; };
		E94370332C01BA8C007A4B5E /* GoogleService-Info.plist */ = {isa = PBXFileReference; fileEncoding = 4; lastKnownFileType = text.plist.xml; path = "GoogleService-Info.plist"; sourceTree = "<group>"; };
		F71D04E1535BECED8A8EADD8 /* Pods_FirebaseCrud.framework */ = {isa = PBXFileReference; explicitFileType = wrapper.framework; includeInIndex = 0; path = Pods_FirebaseCrud.framework; sourceTree = BUILT_PRODUCTS_DIR; };
		FA2F9D8A4007BE27969F20D8 /* Pods-FirebaseCrud.release.xcconfig */ = {isa = PBXFileReference; includeInIndex = 1; lastKnownFileType = text.xcconfig; name = "Pods-FirebaseCrud.release.xcconfig"; path = "Pods/Target Support Files/Pods-FirebaseCrud/Pods-FirebaseCrud.release.xcconfig"; sourceTree = "<group>"; };
/* End PBXFileReference section */

/* Begin PBXFrameworksBuildPhase section */
		CF7C161C1F82EE8400FE0058 /* Frameworks */ = {
			isa = PBXFrameworksBuildPhase;
			buildActionMask = 2147483647;
			files = (
				4999CA105C4B595353C5CE9B /* Pods_FirebaseCrud.framework in Frameworks */,
			);
			runOnlyForDeploymentPostprocessing = 0;
		};
/* End PBXFrameworksBuildPhase section */

/* Begin PBXGroup section */
		173A2930739937865717071D /* Pods */ = {
			isa = PBXGroup;
			children = (
				7F26DF0C4B7AB8B36D8DAAC9 /* Pods-FirebaseCrud.debug.xcconfig */,
				FA2F9D8A4007BE27969F20D8 /* Pods-FirebaseCrud.release.xcconfig */,
			);
			name = Pods;
			sourceTree = "<group>";
		};
		CB60BF39F47EFC0CA2414393 /* Frameworks */ = {
			isa = PBXGroup;
			children = (
				F71D04E1535BECED8A8EADD8 /* Pods_FirebaseCrud.framework */,
			);
			name = Frameworks;
			sourceTree = "<group>";
		};
		CF7C16161F82EE8400FE0058 = {
			isa = PBXGroup;
			children = (
				CF7C16211F82EE8400FE0058 /* FirebaseCrud */,
				CF7C16201F82EE8400FE0058 /* Products */,
				173A2930739937865717071D /* Pods */,
				CB60BF39F47EFC0CA2414393 /* Frameworks */,
			);
			sourceTree = "<group>";
		};
		CF7C16201F82EE8400FE0058 /* Products */ = {
			isa = PBXGroup;
			children = (
				CF7C161F1F82EE8400FE0058 /* FirebaseCrud.app */,
			);
			name = Products;
			sourceTree = "<group>";
		};
		CF7C16211F82EE8400FE0058 /* FirebaseCrud */ = {
			isa = PBXGroup;
			children = (
				CF7C16221F82EE8400FE0058 /* AppDelegate.swift */,
				E94370332C01BA8C007A4B5E /* GoogleService-Info.plist */,
				CF7C16241F82EE8400FE0058 /* ViewController.swift */,
				CFDFB7411F82F36200D0F467 /* InicioViewController.swift */,
				CF7C16261F82EE8400FE0058 /* Main.storyboard */,
				CF7C16291F82EE8400FE0058 /* Assets.xcassets */,
				CF7C162B1F82EE8400FE0058 /* LaunchScreen.storyboard */,
				CF7C162E1F82EE8400FE0058 /* Info.plist */,
				CF5DE2DF1F84646700A43362 /* VistaViewController.swift */,
				CF5DE2E11F84660F00A43362 /* Juegos.swift */,
				CFDE229B1F88824600932F15 /* EditarViewController.swift */,
				CFF3125B1F8C409200B545B6 /* Celda.swift */,
			);
			path = FirebaseCrud;
			sourceTree = "<group>";
		};
/* End PBXGroup section */

/* Begin PBXNativeTarget section */
		CF7C161E1F82EE8400FE0058 /* FirebaseCrud */ = {
			isa = PBXNativeTarget;
			buildConfigurationList = CF7C16311F82EE8400FE0058 /* Build configuration list for PBXNativeTarget "FirebaseCrud" */;
			buildPhases = (
				510994AC0D83340C1EA5B8C9 /* [CP] Check Pods Manifest.lock */,
				CF7C161B1F82EE8400FE0058 /* Sources */,
				CF7C161C1F82EE8400FE0058 /* Frameworks */,
				CF7C161D1F82EE8400FE0058 /* Resources */,
				E79B279743D7DD3C494734B9 /* [CP] Embed Pods Frameworks */,
				D08BE54E0FB40BF7B82392F7 /* [CP] Copy Pods Resources */,
			);
			buildRules = (
			);
			dependencies = (
			);
			name = FirebaseCrud;
			productName = FirebaseCrud;
			productReference = CF7C161F1F82EE8400FE0058 /* FirebaseCrud.app */;
			productType = "com.apple.product-type.application";
		};
/* End PBXNativeTarget section */

/* Begin PBXProject section */
		CF7C16171F82EE8400FE0058 /* Project object */ = {
			isa = PBXProject;
			attributes = {
				LastSwiftUpdateCheck = 0900;
				LastUpgradeCheck = 0900;
				ORGANIZATIONNAME = "Jorge Maldonado Borbón";
				TargetAttributes = {
					CF7C161E1F82EE8400FE0058 = {
						CreatedOnToolsVersion = 9.0;
						ProvisioningStyle = Automatic;
						SystemCapabilities = {
							com.apple.BackgroundModes = {
								enabled = 0;
							};
						};
					};
				};
			};
			buildConfigurationList = CF7C161A1F82EE8400FE0058 /* Build configuration list for PBXProject "FirebaseCrud" */;
			compatibilityVersion = "Xcode 8.0";
			developmentRegion = en;
			hasScannedForEncodings = 0;
			knownRegions = (
				en,
				Base,
			);
			mainGroup = CF7C16161F82EE8400FE0058;
			productRefGroup = CF7C16201F82EE8400FE0058 /* Products */;
			projectDirPath = "";
			projectRoot = "";
			targets = (
				CF7C161E1F82EE8400FE0058 /* FirebaseCrud */,
			);
		};
/* End PBXProject section */

/* Begin PBXResourcesBuildPhase section */
		CF7C161D1F82EE8400FE0058 /* Resources */ = {
			isa = PBXResourcesBuildPhase;
			buildActionMask = 2147483647;
			files = (
				CF7C162D1F82EE8400FE0058 /* LaunchScreen.storyboard in Resources */,
				E94370342C01BA8C007A4B5E /* GoogleService-Info.plist in Resources */,
				CF7C162A1F82EE8400FE0058 /* Assets.xcassets in Resources */,
				CF7C16281F82EE8400FE0058 /* Main.storyboard in Resources */,
			);
			runOnlyForDeploymentPostprocessing = 0;
		};
/* End PBXResourcesBuildPhase section */

/* Begin PBXShellScriptBuildPhase section */
		510994AC0D83340C1EA5B8C9 /* [CP] Check Pods Manifest.lock */ = {
			isa = PBXShellScriptBuildPhase;
			buildActionMask = 2147483647;
			files = (
			);
			inputPaths = (
				"${PODS_PODFILE_DIR_PATH}/Podfile.lock",
				"${PODS_ROOT}/Manifest.lock",
			);
			name = "[CP] Check Pods Manifest.lock";
			outputPaths = (
				"$(DERIVED_FILE_DIR)/Pods-FirebaseCrud-checkManifestLockResult.txt",
			);
			runOnlyForDeploymentPostprocessing = 0;
			shellPath = /bin/sh;
			shellScript = "diff \"${PODS_PODFILE_DIR_PATH}/Podfile.lock\" \"${PODS_ROOT}/Manifest.lock\" > /dev/null\nif [ $? != 0 ] ; then\n    # print error to STDERR\n    echo \"error: The sandbox is not in sync with the Podfile.lock. Run 'pod install' or update your CocoaPods installation.\" >&2\n    exit 1\nfi\n# This output is used by Xcode 'outputs' to avoid re-running this script phase.\necho \"SUCCESS\" > \"${SCRIPT_OUTPUT_FILE_0}\"\n";
			showEnvVarsInLog = 0;
		};
		D08BE54E0FB40BF7B82392F7 /* [CP] Copy Pods Resources */ = {
			isa = PBXShellScriptBuildPhase;
			buildActionMask = 2147483647;
			files = (
			);
			inputPaths = (
			);
			name = "[CP] Copy Pods Resources";
			outputPaths = (
			);
			runOnlyForDeploymentPostprocessing = 0;
			shellPath = /bin/sh;
			shellScript = "\"${SRCROOT}/Pods/Target Support Files/Pods-FirebaseCrud/Pods-FirebaseCrud-resources.sh\"\n";
			showEnvVarsInLog = 0;
		};
		E79B279743D7DD3C494734B9 /* [CP] Embed Pods Frameworks */ = {
			isa = PBXShellScriptBuildPhase;
			buildActionMask = 2147483647;
			files = (
			);
			inputPaths = (
				"${SRCROOT}/Pods/Target Support Files/Pods-FirebaseCrud/Pods-FirebaseCrud-frameworks.sh",
				"${BUILT_PRODUCTS_DIR}/GTMSessionFetcher/GTMSessionFetcher.framework",
				"${BUILT_PRODUCTS_DIR}/GoogleToolboxForMac/GoogleToolboxForMac.framework",
				"${BUILT_PRODUCTS_DIR}/leveldb-library/leveldb.framework",
				"${BUILT_PRODUCTS_DIR}/nanopb/nanopb.framework",
			);
			name = "[CP] Embed Pods Frameworks";
			outputPaths = (
				"${TARGET_BUILD_DIR}/${FRAMEWORKS_FOLDER_PATH}/GTMSessionFetcher.framework",
				"${TARGET_BUILD_DIR}/${FRAMEWORKS_FOLDER_PATH}/GoogleToolboxForMac.framework",
				"${TARGET_BUILD_DIR}/${FRAMEWORKS_FOLDER_PATH}/leveldb.framework",
				"${TARGET_BUILD_DIR}/${FRAMEWORKS_FOLDER_PATH}/nanopb.framework",
			);
			runOnlyForDeploymentPostprocessing = 0;
			shellPath = /bin/sh;
			shellScript = "\"${SRCROOT}/Pods/Target Support Files/Pods-FirebaseCrud/Pods-FirebaseCrud-frameworks.sh\"\n";
			showEnvVarsInLog = 0;
		};
/* End PBXShellScriptBuildPhase section */

/* Begin PBXSourcesBuildPhase section */
		CF7C161B1F82EE8400FE0058 /* Sources */ = {
			isa = PBXSourcesBuildPhase;
			buildActionMask = 2147483647;
			files = (
				CF7C16251F82EE8400FE0058 /* ViewController.swift in Sources */,
				CFDFB7421F82F36200D0F467 /* InicioViewController.swift in Sources */,
				CF5DE2E01F84646700A43362 /* VistaViewController.swift in Sources */,
				CFF3125C1F8C409200B545B6 /* Celda.swift in Sources */,
				CF7C16231F82EE8400FE0058 /* AppDelegate.swift in Sources */,
				CF5DE2E21F84660F00A43362 /* Juegos.swift in Sources */,
				CFDE229C1F88824600932F15 /* EditarViewController.swift in Sources */,
			);
			runOnlyForDeploymentPostprocessing = 0;
		};
/* End PBXSourcesBuildPhase section */

/* Begin PBXVariantGroup section */
		CF7C16261F82EE8400FE0058 /* Main.storyboard */ = {
			isa = PBXVariantGroup;
			children = (
				CF7C16271F82EE8400FE0058 /* Base */,
			);
			name = Main.storyboard;
			sourceTree = "<group>";
		};
		CF7C162B1F82EE8400FE0058 /* LaunchScreen.storyboard */ = {
			isa = PBXVariantGroup;
			children = (
				CF7C162C1F82EE8400FE0058 /* Base */,
			);
			name = LaunchScreen.storyboard;
			sourceTree = "<group>";
		};
/* End PBXVariantGroup section */

/* Begin XCBuildConfiguration section */
		CF7C162F1F82EE8400FE0058 /* Debug */ = {
			isa = XCBuildConfiguration;
			buildSettings = {
				ALWAYS_SEARCH_USER_PATHS = NO;
				CLANG_ANALYZER_NONNULL = YES;
				CLANG_ANALYZER_NUMBER_OBJECT_CONVERSION = YES_AGGRESSIVE;
				CLANG_CXX_LANGUAGE_STANDARD = "gnu++14";
				CLANG_CXX_LIBRARY = "libc++";
				CLANG_ENABLE_MODULES = YES;
				CLANG_ENABLE_OBJC_ARC = YES;
				CLANG_WARN_BLOCK_CAPTURE_AUTORELEASING = YES;
				CLANG_WARN_BOOL_CONVERSION = YES;
				CLANG_WARN_COMMA = YES;
				CLANG_WARN_CONSTANT_CONVERSION = YES;
				CLANG_WARN_DIRECT_OBJC_ISA_USAGE = YES_ERROR;
				CLANG_WARN_DOCUMENTATION_COMMENTS = YES;
				CLANG_WARN_EMPTY_BODY = YES;
				CLANG_WARN_ENUM_CONVERSION = YES;
				CLANG_WARN_INFINITE_RECURSION = YES;
				CLANG_WARN_INT_CONVERSION = YES;
				CLANG_WARN_NON_LITERAL_NULL_CONVERSION = YES;
				CLANG_WARN_OBJC_LITERAL_CONVERSION = YES;
				CLANG_WARN_OBJC_ROOT_CLASS = YES_ERROR;
				CLANG_WARN_RANGE_LOOP_ANALYSIS = YES;
				CLANG_WARN_STRICT_PROTOTYPES = YES;
				CLANG_WARN_SUSPICIOUS_MOVE = YES;
				CLANG_WARN_UNGUARDED_AVAILABILITY = YES_AGGRESSIVE;
				CLANG_WARN_UNREACHABLE_CODE = YES;
				CLANG_WARN__DUPLICATE_METHOD_MATCH = YES;
				CODE_SIGN_IDENTITY = "iPhone Developer";
				COPY_PHASE_STRIP = NO;
				DEBUG_INFORMATION_FORMAT = dwarf;
				ENABLE_STRICT_OBJC_MSGSEND = YES;
				ENABLE_TESTABILITY = YES;
				GCC_C_LANGUAGE_STANDARD = gnu11;
				GCC_DYNAMIC_NO_PIC = NO;
				GCC_NO_COMMON_BLOCKS = YES;
				GCC_OPTIMIZATION_LEVEL = 0;
				GCC_PREPROCESSOR_DEFINITIONS = (
					"DEBUG=1",
					"$(inherited)",
				);
				GCC_WARN_64_TO_32_BIT_CONVERSION = YES;
				GCC_WARN_ABOUT_RETURN_TYPE = YES_ERROR;
				GCC_WARN_UNDECLARED_SELECTOR = YES;
				GCC_WARN_UNINITIALIZED_AUTOS = YES_AGGRESSIVE;
				GCC_WARN_UNUSED_FUNCTION = YES;
				GCC_WARN_UNUSED_VARIABLE = YES;
				IPHONEOS_DEPLOYMENT_TARGET = 11.0;
				MTL_ENABLE_DEBUG_INFO = YES;
				ONLY_ACTIVE_ARCH = YES;
				SDKROOT = iphoneos;
				SWIFT_ACTIVE_COMPILATION_CONDITIONS = DEBUG;
				SWIFT_OPTIMIZATION_LEVEL = "-Onone";
			};
			name = Debug;
		};
		CF7C16301F82EE8400FE0058 /* Release */ = {
			isa = XCBuildConfiguration;
			buildSettings = {
				ALWAYS_SEARCH_USER_PATHS = NO;
				CLANG_ANALYZER_NONNULL = YES;
				CLANG_ANALYZER_NUMBER_OBJECT_CONVERSION = YES_AGGRESSIVE;
				CLANG_CXX_LANGUAGE_STANDARD = "gnu++14";
				CLANG_CXX_LIBRARY = "libc++";
				CLANG_ENABLE_MODULES = YES;
				CLANG_ENABLE_OBJC_ARC = YES;
				CLANG_WARN_BLOCK_CAPTURE_AUTORELEASING = YES;
				CLANG_WARN_BOOL_CONVERSION = YES;
				CLANG_WARN_COMMA = YES;
				CLANG_WARN_CONSTANT_CONVERSION = YES;
				CLANG_WARN_DIRECT_OBJC_ISA_USAGE = YES_ERROR;
				CLANG_WARN_DOCUMENTATION_COMMENTS = YES;
				CLANG_WARN_EMPTY_BODY = YES;
				CLANG_WARN_ENUM_CONVERSION = YES;
				CLANG_WARN_INFINITE_RECURSION = YES;
				CLANG_WARN_INT_CONVERSION = YES;
				CLANG_WARN_NON_LITERAL_NULL_CONVERSION = YES;
				CLANG_WARN_OBJC_LITERAL_CONVERSION = YES;
				CLANG_WARN_OBJC_ROOT_CLASS = YES_ERROR;
				CLANG_WARN_RANGE_LOOP_ANALYSIS = YES;
				CLANG_WARN_STRICT_PROTOTYPES = YES;
				CLANG_WARN_SUSPICIOUS_MOVE = YES;
				CLANG_WARN_UNGUARDED_AVAILABILITY = YES_AGGRESSIVE;
				CLANG_WARN_UNREACHABLE_CODE = YES;
				CLANG_WARN__DUPLICATE_METHOD_MATCH = YES;
				CODE_SIGN_IDENTITY = "iPhone Developer";
				COPY_PHASE_STRIP = NO;
				DEBUG_INFORMATION_FORMAT = "dwarf-with-dsym";
				ENABLE_NS_ASSERTIONS = NO;
				ENABLE_STRICT_OBJC_MSGSEND = YES;
				GCC_C_LANGUAGE_STANDARD = gnu11;
				GCC_NO_COMMON_BLOCKS = YES;
				GCC_WARN_64_TO_32_BIT_CONVERSION = YES;
				GCC_WARN_ABOUT_RETURN_TYPE = YES_ERROR;
				GCC_WARN_UNDECLARED_SELECTOR = YES;
				GCC_WARN_UNINITIALIZED_AUTOS = YES_AGGRESSIVE;
				GCC_WARN_UNUSED_FUNCTION = YES;
				GCC_WARN_UNUSED_VARIABLE = YES;
				IPHONEOS_DEPLOYMENT_TARGET = 11.0;
				MTL_ENABLE_DEBUG_INFO = NO;
				SDKROOT = iphoneos;
				SWIFT_OPTIMIZATION_LEVEL = "-Owholemodule";
				VALIDATE_PRODUCT = YES;
			};
			name = Release;
		};
		CF7C16321F82EE8400FE0058 /* Debug */ = {
			isa = XCBuildConfiguration;
			baseConfigurationReference = 7F26DF0C4B7AB8B36D8DAAC9 /* Pods-FirebaseCrud.debug.xcconfig */;
			buildSettings = {
				ASSETCATALOG_COMPILER_APPICON_NAME = AppIcon;
				CODE_SIGN_STYLE = Automatic;
				DEVELOPMENT_TEAM = "";
				INFOPLIST_FILE = FirebaseCrud/Info.plist;
				LD_RUNPATH_SEARCH_PATHS = "$(inherited) @executable_path/Frameworks";
				PRODUCT_BUNDLE_IDENTIFIER = com.eq6.FirebaseCrud;
				PRODUCT_NAME = "$(TARGET_NAME)";
				SWIFT_VERSION = 4.0;
				TARGETED_DEVICE_FAMILY = "1,2";
			};
			name = Debug;
		};
		CF7C16331F82EE8400FE0058 /* Release */ = {
			isa = XCBuildConfiguration;
			baseConfigurationReference = FA2F9D8A4007BE27969F20D8 /* Pods-FirebaseCrud.release.xcconfig */;
			buildSettings = {
				ASSETCATALOG_COMPILER_APPICON_NAME = AppIcon;
				CODE_SIGN_STYLE = Automatic;
				DEVELOPMENT_TEAM = "";
				INFOPLIST_FILE = FirebaseCrud/Info.plist;
				LD_RUNPATH_SEARCH_PATHS = "$(inherited) @executable_path/Frameworks";
				PRODUCT_BUNDLE_IDENTIFIER = com.eq6.FirebaseCrud;
				PRODUCT_NAME = "$(TARGET_NAME)";
				SWIFT_VERSION = 4.0;
				TARGETED_DEVICE_FAMILY = "1,2";
			};
			name = Release;
		};
/* End XCBuildConfiguration section */

/* Begin XCConfigurationList section */
		CF7C161A1F82EE8400FE0058 /* Build configuration list for PBXProject "FirebaseCrud" */ = {
			isa = XCConfigurationList;
			buildConfigurations = (
				CF7C162F1F82EE8400FE0058 /* Debug */,
				CF7C16301F82EE8400FE0058 /* Release */,
			);
			defaultConfigurationIsVisible = 0;
			defaultConfigurationName = Release;
		};
		CF7C16311F82EE8400FE0058 /* Build configuration list for PBXNativeTarget "FirebaseCrud" */ = {
			isa = XCConfigurationList;
			buildConfigurations = (
				CF7C16321F82EE8400FE0058 /* Debug */,
				CF7C16331F82EE8400FE0058 /* Release */,
			);
			defaultConfigurationIsVisible = 0;
			defaultConfigurationName = Release;
		};
/* End XCConfigurationList section */
	};
	rootObject = CF7C16171F82EE8400FE0058 /* Project object */;
}
